{
  "name": "@designesy/cli",
  "version": "0.1.3",
  "lockfileVersion": 3,
  "requires": true,
  "packages": {
    "": {
      "name": "@designesy/cli",
      "version": "0.1.3",
      "license": "MIT",
      "dependencies": {
        "@designesy/score": "^0.1.0",
        "@designesy/tokens": "^0.2.2"
      },
      "bin": {
        "designesy": "dist/index.js"
      },
      "devDependencies": {
        "@types/node": "^26.2.0",
        "typescript": "^5.7.0"
      },
      "engines": {
        "node": ">=18.0.0"
      }
    },
    "node_modules/@designesy/score": {
      "version": "0.1.0",
      "resolved": "https://registry.npmjs.org/@designesy/score/-/score-0.1.0.tgz",
      "integrity": "sha512-eC7gzo4/8djuVOkOIIN2S3PwvlzbNMDQgzwj0u37xWvW44PN+eW7HA6tS42hL5gjkQMGpsHHptJQM4Renc13Xw==",
      "deprecated": "Upgrade to 0.2.0 — includes TOCTOU-safe DNS rebinding SSRF mitigation. Run: npm install @designesy/score@latest",
      "license": "MIT",
      "bin": {
        "designesy-score": "dist/cli.js"
      },
      "engines": {
        "node": ">=18.0.0"
      }
    },
    "node_modules/@designesy/tokens": {
      "version": "0.2.2",
      "resolved": "https://registry.npmjs.org/@designesy/tokens/-/tokens-0.2.2.tgz",
      "integrity": "sha512-xmoadlXnwQ2MeGDEntnVgZtHc0778YjYW7ZLSxFYcKFNdAnad7kXcA1Zdey4FcgyR/iSN2aWuIQKlARmCVyahw==",
      "license": "MIT",
      "bin": {
        "designesy-tokens": "dist/cli.js"
      },
      "engines": {
        "node": ">=18.0.0"
      }
    },
    "node_modules/@types/node": {
      "version": "26.2.0",
      "resolved": "https://registry.npmjs.org/@types/node/-/node-26.2.0.tgz",
      "integrity": "sha512-5IviulTZeRNp2vAJ514cc/HUlY5nZ9fCbq9DMyC52BrhFZACo3nI0R7qBxhQmo/d27NFe96ur/b7Wwxklda+kg==",
      "dev": true,
      "license": "MIT",
      "dependencies": {
        "undici-types": "~8.3.0"
      }
    },
    "node_modules/typescript": {
      "version": "5.9.3",
      "resolved": "https://registry.npmjs.org/typescript/-/typescript-5.9.3.tgz",
      "integrity": "sha512-jl1vZzPDinLr9eUt3J/t7V6FgNEw9QjvBPdysz9KfQDD41fQrC2Y4vKQdiaUpFT4bXlb1RHhLpp8wtm6M5TgSw==",
      "dev": true,
      "license": "Apache-2.0",
      "bin": {
        "tsc": "bin/tsc",
        "tsserver": "bin/tsserver"
      },
      "engines": {
        "node": ">=14.17"
      }
    },
    "node_modules/undici-types": {
      "version": "8.3.0",
      "resolved": "https://registry.npmjs.org/undici-types/-/undici-types-8.3.0.tgz",
      "integrity": "sha512-j375ScV60dom+YkPFIfTLcOiPxkN/buHz5GobjLhixFuANaNs3C9l4GmrWqejgXWJ7BbJcFYpTEUkS1Ge8bpZQ==",
      "dev": true,
      "license": "MIT"
    }
  }
}
