{
  "name": "@designesy/lab-builder",
  "version": "0.1.0",
  "lockfileVersion": 3,
  "requires": true,
  "packages": {
    "": {
      "name": "@designesy/lab-builder",
      "version": "0.1.0",
      "license": "MIT",
      "bin": {
        "lab-builder": "bin/lab-builder.mjs"
      },
      "engines": {
        "node": ">=18"
      }
    }
  }
}
